
Microsoft Visual Studio Solution File, Format Version 12.00
# Visual Studio Version 16
VisualStudioVersion = 16.0.30011.22
MinimumVisualStudioVersion = 10.0.40219.1
Project("{FAE04EC0-301F-11D3-BF4B-00C04F79EFBC}") = "PierwszeProgramyKursChasz", "PierwszeProgramyKursChasz\PierwszeProgramyKursChasz.csproj", "{65C6C27C-A52C-4D73-8119-9CE9C1317B16}"
EndProject
Project("{FAE04EC0-301F-11D3-BF4B-00C04F79EFBC}") = "PierwszeProgramyZgadywankaLiczb", "PierwszeProgramyZgadywankaLiczb\PierwszeProgramyZgadywankaLiczb.csproj", "{17C8786B-1D6B-4FD7-BAAC-0076CFC93F91}"
EndProject
Global
	GlobalSection(SolutionConfigurationPlatforms) = preSolution
		Debug|Any CPU = Debug|Any CPU
		Release|Any CPU = Release|Any CPU
	EndGlobalSection
	GlobalSection(ProjectConfigurationPlatforms) = postSolution
		{65C6C27C-A52C-4D73-8119-9CE9C1317B16}.Debug|Any CPU.ActiveCfg = Debug|Any CPU
		{65C6C27C-A52C-4D73-8119-9CE9C1317B16}.Debug|Any CPU.Build.0 = Debug|Any CPU
		{65C6C27C-A52C-4D73-8119-9CE9C1317B16}.Release|Any CPU.ActiveCfg = Release|Any CPU
		{65C6C27C-A52C-4D73-8119-9CE9C1317B16}.Release|Any CPU.Build.0 = Release|Any CPU
		{17C8786B-1D6B-4FD7-BAAC-0076CFC93F91}.Debug|Any CPU.ActiveCfg = Debug|Any CPU
		{17C8786B-1D6B-4FD7-BAAC-0076CFC93F91}.Debug|Any CPU.Build.0 = Debug|Any CPU
		{17C8786B-1D6B-4FD7-BAAC-0076CFC93F91}.Release|Any CPU.ActiveCfg = Release|Any CPU
		{17C8786B-1D6B-4FD7-BAAC-0076CFC93F91}.Release|Any CPU.Build.0 = Release|Any CPU
	EndGlobalSection
	GlobalSection(SolutionProperties) = preSolution
		HideSolutionNode = FALSE
	EndGlobalSection
	GlobalSection(ExtensibilityGlobals) = postSolution
		SolutionGuid = {5B31D0DB-45B3-46D0-B58F-9E992DA1A8CD}
	EndGlobalSection
EndGlobal
