
Microsoft Visual Studio Solution File, Format Version 12.00
# Visual Studio Version 16
VisualStudioVersion = 16.0.30011.22
MinimumVisualStudioVersion = 10.0.40219.1
Project("{FAE04EC0-301F-11D3-BF4B-00C04F79EFBC}") = "ProjektLekcja1", "ProjektLekcja1\ProjektLekcja1.csproj", "{3E25A926-4178-49A2-8A47-F37B68F76872}"
EndProject
Project("{FAE04EC0-301F-11D3-BF4B-00C04F79EFBC}") = "Lekcja2 operatory arytmetyczne i logiczne", "Lekcja2 operatory arytmetyczne i logiczne\Lekcja2 operatory arytmetyczne i logiczne.csproj", "{D0E003F6-84E5-492F-86F4-ED19ACEB722B}"
EndProject
Project("{FAE04EC0-301F-11D3-BF4B-00C04F79EFBC}") = "lekcja3 ifelse", "lekcja3 ifelse\lekcja3 ifelse.csproj", "{991E827D-3EE4-47C1-B6D8-68A918616E8D}"
EndProject
Project("{FAE04EC0-301F-11D3-BF4B-00C04F79EFBC}") = "lekcja4 petle", "lekcja4 petle\lekcja4 petle.csproj", "{66C3AA47-AECF-4232-97C9-69E6F55F0E5E}"
EndProject
Project("{FAE04EC0-301F-11D3-BF4B-00C04F79EFBC}") = "lekcja5 ogólna teoria końcowa", "lekcja5 ogólna teoria końcowa\lekcja5 ogólna teoria końcowa.csproj", "{0239A50E-426E-40C1-8683-5F9DC6C87263}"
EndProject
Project("{FAE04EC0-301F-11D3-BF4B-00C04F79EFBC}") = "Instrukcje skoku", "Instrukcje skoku\Instrukcje skoku.csproj", "{6469B4FF-BF4E-4B35-963B-E5C393DDA09F}"
EndProject
Project("{FAE04EC0-301F-11D3-BF4B-00C04F79EFBC}") = "instrukcje switch", "instrukcje switch\instrukcje switch.csproj", "{6065F838-4FFD-4CDD-94B4-0FA12B423F9E}"
EndProject
Project("{FAE04EC0-301F-11D3-BF4B-00C04F79EFBC}") = "kolekcje - tablice", "kolekcje - tablice\kolekcje - tablice.csproj", "{F3B5DB73-1B1B-48D5-BE91-789E34CF3F26}"
EndProject
Project("{FAE04EC0-301F-11D3-BF4B-00C04F79EFBC}") = "Funkcje część 1", "Funkcje część 1\Funkcje część 1.csproj", "{ED1F96CC-7026-43C1-8051-BE5B33F4B61B}"
EndProject
Project("{FAE04EC0-301F-11D3-BF4B-00C04F79EFBC}") = "funkcje część 2", "funkcje część 2\funkcje część 2.csproj", "{F3437629-79C2-4E04-8E1C-D19B99BD6646}"
EndProject
Project("{FAE04EC0-301F-11D3-BF4B-00C04F79EFBC}") = "funkcje część 3", "funkcje część 3\funkcje część 3.csproj", "{0FBA2D81-DC97-4C3A-89E1-359993976D02}"
EndProject
Project("{FAE04EC0-301F-11D3-BF4B-00C04F79EFBC}") = "Klasy i obiekty", "Klasy i obiekty\Klasy i obiekty.csproj", "{514987CE-0104-4743-83A8-66302C0259D4}"
EndProject
Project("{FAE04EC0-301F-11D3-BF4B-00C04F79EFBC}") = "Klasy i obiekty - static vs non static", "Klasy i obiekty - static vs non static\Klasy i obiekty - static vs non static.csproj", "{B544AE40-F131-41EF-8F47-5EFDBEA8E7BA}"
EndProject
Project("{FAE04EC0-301F-11D3-BF4B-00C04F79EFBC}") = "operacje na stringach (params i object)", "operacje na stringach (params i object)\operacje na stringach (params i object).csproj", "{6BD41B03-06A4-4806-9957-6F0BC16AC42F}"
EndProject
Project("{FAE04EC0-301F-11D3-BF4B-00C04F79EFBC}") = "StringBuilder Diagnostyka z using System", "StringBuilder\StringBuilder Diagnostyka z using System.csproj", "{B90249EF-BD5C-4B93-9304-13FD30AE9A95}"
EndProject
Project("{FAE04EC0-301F-11D3-BF4B-00C04F79EFBC}") = "Settery Gettery", "Settery Gettery\Settery Gettery.csproj", "{10A6685B-3EE1-47C8-AC06-E3A5A2824C12}"
EndProject
Global
	GlobalSection(SolutionConfigurationPlatforms) = preSolution
		Debug|Any CPU = Debug|Any CPU
		Release|Any CPU = Release|Any CPU
	EndGlobalSection
	GlobalSection(ProjectConfigurationPlatforms) = postSolution
		{3E25A926-4178-49A2-8A47-F37B68F76872}.Debug|Any CPU.ActiveCfg = Debug|Any CPU
		{3E25A926-4178-49A2-8A47-F37B68F76872}.Debug|Any CPU.Build.0 = Debug|Any CPU
		{3E25A926-4178-49A2-8A47-F37B68F76872}.Release|Any CPU.ActiveCfg = Release|Any CPU
		{3E25A926-4178-49A2-8A47-F37B68F76872}.Release|Any CPU.Build.0 = Release|Any CPU
		{D0E003F6-84E5-492F-86F4-ED19ACEB722B}.Debug|Any CPU.ActiveCfg = Debug|Any CPU
		{D0E003F6-84E5-492F-86F4-ED19ACEB722B}.Debug|Any CPU.Build.0 = Debug|Any CPU
		{D0E003F6-84E5-492F-86F4-ED19ACEB722B}.Release|Any CPU.ActiveCfg = Release|Any CPU
		{D0E003F6-84E5-492F-86F4-ED19ACEB722B}.Release|Any CPU.Build.0 = Release|Any CPU
		{991E827D-3EE4-47C1-B6D8-68A918616E8D}.Debug|Any CPU.ActiveCfg = Debug|Any CPU
		{991E827D-3EE4-47C1-B6D8-68A918616E8D}.Debug|Any CPU.Build.0 = Debug|Any CPU
		{991E827D-3EE4-47C1-B6D8-68A918616E8D}.Release|Any CPU.ActiveCfg = Release|Any CPU
		{991E827D-3EE4-47C1-B6D8-68A918616E8D}.Release|Any CPU.Build.0 = Release|Any CPU
		{66C3AA47-AECF-4232-97C9-69E6F55F0E5E}.Debug|Any CPU.ActiveCfg = Debug|Any CPU
		{66C3AA47-AECF-4232-97C9-69E6F55F0E5E}.Debug|Any CPU.Build.0 = Debug|Any CPU
		{66C3AA47-AECF-4232-97C9-69E6F55F0E5E}.Release|Any CPU.ActiveCfg = Release|Any CPU
		{66C3AA47-AECF-4232-97C9-69E6F55F0E5E}.Release|Any CPU.Build.0 = Release|Any CPU
		{0239A50E-426E-40C1-8683-5F9DC6C87263}.Debug|Any CPU.ActiveCfg = Debug|Any CPU
		{0239A50E-426E-40C1-8683-5F9DC6C87263}.Debug|Any CPU.Build.0 = Debug|Any CPU
		{0239A50E-426E-40C1-8683-5F9DC6C87263}.Release|Any CPU.ActiveCfg = Release|Any CPU
		{0239A50E-426E-40C1-8683-5F9DC6C87263}.Release|Any CPU.Build.0 = Release|Any CPU
		{6469B4FF-BF4E-4B35-963B-E5C393DDA09F}.Debug|Any CPU.ActiveCfg = Debug|Any CPU
		{6469B4FF-BF4E-4B35-963B-E5C393DDA09F}.Debug|Any CPU.Build.0 = Debug|Any CPU
		{6469B4FF-BF4E-4B35-963B-E5C393DDA09F}.Release|Any CPU.ActiveCfg = Release|Any CPU
		{6469B4FF-BF4E-4B35-963B-E5C393DDA09F}.Release|Any CPU.Build.0 = Release|Any CPU
		{6065F838-4FFD-4CDD-94B4-0FA12B423F9E}.Debug|Any CPU.ActiveCfg = Debug|Any CPU
		{6065F838-4FFD-4CDD-94B4-0FA12B423F9E}.Debug|Any CPU.Build.0 = Debug|Any CPU
		{6065F838-4FFD-4CDD-94B4-0FA12B423F9E}.Release|Any CPU.ActiveCfg = Release|Any CPU
		{6065F838-4FFD-4CDD-94B4-0FA12B423F9E}.Release|Any CPU.Build.0 = Release|Any CPU
		{F3B5DB73-1B1B-48D5-BE91-789E34CF3F26}.Debug|Any CPU.ActiveCfg = Debug|Any CPU
		{F3B5DB73-1B1B-48D5-BE91-789E34CF3F26}.Debug|Any CPU.Build.0 = Debug|Any CPU
		{F3B5DB73-1B1B-48D5-BE91-789E34CF3F26}.Release|Any CPU.ActiveCfg = Release|Any CPU
		{F3B5DB73-1B1B-48D5-BE91-789E34CF3F26}.Release|Any CPU.Build.0 = Release|Any CPU
		{ED1F96CC-7026-43C1-8051-BE5B33F4B61B}.Debug|Any CPU.ActiveCfg = Debug|Any CPU
		{ED1F96CC-7026-43C1-8051-BE5B33F4B61B}.Debug|Any CPU.Build.0 = Debug|Any CPU
		{ED1F96CC-7026-43C1-8051-BE5B33F4B61B}.Release|Any CPU.ActiveCfg = Release|Any CPU
		{ED1F96CC-7026-43C1-8051-BE5B33F4B61B}.Release|Any CPU.Build.0 = Release|Any CPU
		{F3437629-79C2-4E04-8E1C-D19B99BD6646}.Debug|Any CPU.ActiveCfg = Debug|Any CPU
		{F3437629-79C2-4E04-8E1C-D19B99BD6646}.Debug|Any CPU.Build.0 = Debug|Any CPU
		{F3437629-79C2-4E04-8E1C-D19B99BD6646}.Release|Any CPU.ActiveCfg = Release|Any CPU
		{F3437629-79C2-4E04-8E1C-D19B99BD6646}.Release|Any CPU.Build.0 = Release|Any CPU
		{0FBA2D81-DC97-4C3A-89E1-359993976D02}.Debug|Any CPU.ActiveCfg = Debug|Any CPU
		{0FBA2D81-DC97-4C3A-89E1-359993976D02}.Debug|Any CPU.Build.0 = Debug|Any CPU
		{0FBA2D81-DC97-4C3A-89E1-359993976D02}.Release|Any CPU.ActiveCfg = Release|Any CPU
		{0FBA2D81-DC97-4C3A-89E1-359993976D02}.Release|Any CPU.Build.0 = Release|Any CPU
		{514987CE-0104-4743-83A8-66302C0259D4}.Debug|Any CPU.ActiveCfg = Debug|Any CPU
		{514987CE-0104-4743-83A8-66302C0259D4}.Debug|Any CPU.Build.0 = Debug|Any CPU
		{514987CE-0104-4743-83A8-66302C0259D4}.Release|Any CPU.ActiveCfg = Release|Any CPU
		{514987CE-0104-4743-83A8-66302C0259D4}.Release|Any CPU.Build.0 = Release|Any CPU
		{B544AE40-F131-41EF-8F47-5EFDBEA8E7BA}.Debug|Any CPU.ActiveCfg = Debug|Any CPU
		{B544AE40-F131-41EF-8F47-5EFDBEA8E7BA}.Debug|Any CPU.Build.0 = Debug|Any CPU
		{B544AE40-F131-41EF-8F47-5EFDBEA8E7BA}.Release|Any CPU.ActiveCfg = Release|Any CPU
		{B544AE40-F131-41EF-8F47-5EFDBEA8E7BA}.Release|Any CPU.Build.0 = Release|Any CPU
		{6BD41B03-06A4-4806-9957-6F0BC16AC42F}.Debug|Any CPU.ActiveCfg = Debug|Any CPU
		{6BD41B03-06A4-4806-9957-6F0BC16AC42F}.Debug|Any CPU.Build.0 = Debug|Any CPU
		{6BD41B03-06A4-4806-9957-6F0BC16AC42F}.Release|Any CPU.ActiveCfg = Release|Any CPU
		{6BD41B03-06A4-4806-9957-6F0BC16AC42F}.Release|Any CPU.Build.0 = Release|Any CPU
		{B90249EF-BD5C-4B93-9304-13FD30AE9A95}.Debug|Any CPU.ActiveCfg = Debug|Any CPU
		{B90249EF-BD5C-4B93-9304-13FD30AE9A95}.Debug|Any CPU.Build.0 = Debug|Any CPU
		{B90249EF-BD5C-4B93-9304-13FD30AE9A95}.Release|Any CPU.ActiveCfg = Release|Any CPU
		{B90249EF-BD5C-4B93-9304-13FD30AE9A95}.Release|Any CPU.Build.0 = Release|Any CPU
		{10A6685B-3EE1-47C8-AC06-E3A5A2824C12}.Debug|Any CPU.ActiveCfg = Debug|Any CPU
		{10A6685B-3EE1-47C8-AC06-E3A5A2824C12}.Debug|Any CPU.Build.0 = Debug|Any CPU
		{10A6685B-3EE1-47C8-AC06-E3A5A2824C12}.Release|Any CPU.ActiveCfg = Release|Any CPU
		{10A6685B-3EE1-47C8-AC06-E3A5A2824C12}.Release|Any CPU.Build.0 = Release|Any CPU
	EndGlobalSection
	GlobalSection(SolutionProperties) = preSolution
		HideSolutionNode = FALSE
	EndGlobalSection
	GlobalSection(ExtensibilityGlobals) = postSolution
		SolutionGuid = {7B25C332-E77B-421D-BE52-43CADE1B202B}
	EndGlobalSection
EndGlobal
